// !$*UTF8*$!
{
	archiveVersion = 1;
	classes = {
	};
	objectVersion = 77;
	objects = {

/* Begin PBXBuildFile section */
		0248F4E019F77191DBA05017 /* FileIngestionPipeline.swift in Sources */ = {isa = PBXBuildFile; fileRef = 93FEE62D9EE7B769E2DBA8AF /* FileIngestionPipeline.swift */; };
		0263F0EDABD0EDA00D3BC979 /* AppSettingsStoreTests.swift in Sources */ = {isa = PBXBuildFile; fileRef = B4D5529D6AE88F2FBE8DA8F5 /* AppSettingsStoreTests.swift */; };
		061E7CE27DD31E7D0E35ADC9 /* FinderAutomationPermission.swift in Sources */ = {isa = PBXBuildFile; fileRef = 49EC779CBFBC62989B85F916 /* FinderAutomationPermission.swift */; };
		132B08F9F9895FBEDA850882 /* AIModelStoreTests.swift in Sources */ = {isa = PBXBuildFile; fileRef = 2F9A84A69571E17E4F26BABF /* AIModelStoreTests.swift */; };
		1C5589255EE38B6BD63A1D8B /* FilenameFormatterTests.swift in Sources */ = {isa = PBXBuildFile; fileRef = 3B38B038D139890FD82A7513 /* FilenameFormatterTests.swift */; };
		24F661108C9A9F154959C190 /* FileIngestionPipelineTests.swift in Sources */ = {isa = PBXBuildFile; fileRef = 487619809B46FE89DD03CF70 /* FileIngestionPipelineTests.swift */; };
		43B17BF56064CB59D4824A5E /* MindReaderApp.swift in Sources */ = {isa = PBXBuildFile; fileRef = CCD72A01B0A2490E4C0C8D8B /* MindReaderApp.swift */; };
		4B259C0019403AE0B1738B2F /* OllamaAIModelService.swift in Sources */ = {isa = PBXBuildFile; fileRef = 1DC29D4E7171CE76FE58219F /* OllamaAIModelService.swift */; };
		51A53C12735D391AF2B27081 /* MenuBarView.swift in Sources */ = {isa = PBXBuildFile; fileRef = 57D07F207368A9BF7AA7C2A4 /* MenuBarView.swift */; };
		58BE178AAD2C34E801E744DC /* FilenameFormatter.swift in Sources */ = {isa = PBXBuildFile; fileRef = D58D22EB893789178F505A29 /* FilenameFormatter.swift */; };
		696B6E878CF498EDEFC0E3D4 /* RenameMetadataExtractor.swift in Sources */ = {isa = PBXBuildFile; fileRef = BB3055A56B89CDD19520A6A6 /* RenameMetadataExtractor.swift */; };
		6D7E886E251313CFE0EAB82B /* RenameExecutionEngineTests.swift in Sources */ = {isa = PBXBuildFile; fileRef = 8431A8DDAEDD683E83177151 /* RenameExecutionEngineTests.swift */; };
		81973CE2A7E3A3CA9404597E /* PreferencesView.swift in Sources */ = {isa = PBXBuildFile; fileRef = F9511FBCB4BA5F7555FA8765 /* PreferencesView.swift */; };
		8A1E0A5CDAE86B04959925AF /* MenuBarViewModelTests.swift in Sources */ = {isa = PBXBuildFile; fileRef = 41E5806E24A2B7649A20AFB4 /* MenuBarViewModelTests.swift */; };
		8B62366998367C2CC9BD5867 /* OllamaMetadataExtractor.swift in Sources */ = {isa = PBXBuildFile; fileRef = BD288C5DE9483879F196C828 /* OllamaMetadataExtractor.swift */; };
		8D5288EA6DD1783D941E606F /* AppSettings.swift in Sources */ = {isa = PBXBuildFile; fileRef = ED5954DE1C019BFA270E9E67 /* AppSettings.swift */; };
		95789E31DE63FD598AA8C6C7 /* FinderSelectionProvider.swift in Sources */ = {isa = PBXBuildFile; fileRef = B9D919B5CD94D70D698572C5 /* FinderSelectionProvider.swift */; };
		9671FA6ED8BB8B35CE0BD286 /* MenuBarViewModel.swift in Sources */ = {isa = PBXBuildFile; fileRef = BBBC4C2E29856D2197AB584D /* MenuBarViewModel.swift */; };
		9C32E8F80AEFA926EEACBB21 /* ShortcutNames.swift in Sources */ = {isa = PBXBuildFile; fileRef = 0A6AA91373167455C3336D4E /* ShortcutNames.swift */; };
		AABF7D23E4ADD2CF67D5D796 /* AIModelStore.swift in Sources */ = {isa = PBXBuildFile; fileRef = A35D942354AC38136B88EA16 /* AIModelStore.swift */; };
		AD16E8E815AAE31F499BF02F /* RenameEngine.swift in Sources */ = {isa = PBXBuildFile; fileRef = 133C868DB3C5CB1E4E51061D /* RenameEngine.swift */; };
		BC1910623FC41D4A094BF3D3 /* RenameEngineTests.swift in Sources */ = {isa = PBXBuildFile; fileRef = CA23580BD95E7B710165C2EF /* RenameEngineTests.swift */; };
		C84F9AB0884BC484CAF90707 /* OllamaMetadataExtractorTests.swift in Sources */ = {isa = PBXBuildFile; fileRef = A80DF390E2FFB7A97182F411 /* OllamaMetadataExtractorTests.swift */; };
		CA66242C381E143CD4810AF4 /* OllamaServiceTests.swift in Sources */ = {isa = PBXBuildFile; fileRef = 16CF173A6EAF80F72BF7A79C /* OllamaServiceTests.swift */; };
		E80B30A2397E633CD2BF68F8 /* PreferencesWindowController.swift in Sources */ = {isa = PBXBuildFile; fileRef = 35F871AE7D7F8D787ED25A61 /* PreferencesWindowController.swift */; };
		EEC574DCDCA5DBA564A110DC /* OllamaService.swift in Sources */ = {isa = PBXBuildFile; fileRef = 0FF8A6D351022EBF4AB3A952 /* OllamaService.swift */; };
		F35CE5D63073F266C04E06B2 /* RenameExecutionEngine.swift in Sources */ = {isa = PBXBuildFile; fileRef = 743AB75B1F17EB7826F44DAC /* RenameExecutionEngine.swift */; };
/* End PBXBuildFile section */

/* Begin PBXContainerItemProxy section */
		CE9F3CD4C30D7483C4CC6449 /* PBXContainerItemProxy */ = {
			isa = PBXContainerItemProxy;
			containerPortal = 267E43A446C3DE39738414C7 /* Project object */;
			proxyType = 1;
			remoteGlobalIDString = 49CD2EB91A485261BC7FE678;
			remoteInfo = MindReader;
		};
/* End PBXContainerItemProxy section */

/* Begin PBXFileReference section */
		0A6AA91373167455C3336D4E /* ShortcutNames.swift */ = {isa = PBXFileReference; lastKnownFileType = sourcecode.swift; path = ShortcutNames.swift; sourceTree = "<group>"; };
		0FF8A6D351022EBF4AB3A952 /* OllamaService.swift */ = {isa = PBXFileReference; lastKnownFileType = sourcecode.swift; path = OllamaService.swift; sourceTree = "<group>"; };
		133C868DB3C5CB1E4E51061D /* RenameEngine.swift */ = {isa = PBXFileReference; lastKnownFileType = sourcecode.swift; path = RenameEngine.swift; sourceTree = "<group>"; };
		16CF173A6EAF80F72BF7A79C /* OllamaServiceTests.swift */ = {isa = PBXFileReference; lastKnownFileType = sourcecode.swift; path = OllamaServiceTests.swift; sourceTree = "<group>"; };
		1DC29D4E7171CE76FE58219F /* OllamaAIModelService.swift */ = {isa = PBXFileReference; lastKnownFileType = sourcecode.swift; path = OllamaAIModelService.swift; sourceTree = "<group>"; };
		2F9A84A69571E17E4F26BABF /* AIModelStoreTests.swift */ = {isa = PBXFileReference; lastKnownFileType = sourcecode.swift; path = AIModelStoreTests.swift; sourceTree = "<group>"; };
		35F871AE7D7F8D787ED25A61 /* PreferencesWindowController.swift */ = {isa = PBXFileReference; lastKnownFileType = sourcecode.swift; path = PreferencesWindowController.swift; sourceTree = "<group>"; };
		3B38B038D139890FD82A7513 /* FilenameFormatterTests.swift */ = {isa = PBXFileReference; lastKnownFileType = sourcecode.swift; path = FilenameFormatterTests.swift; sourceTree = "<group>"; };
		41E5806E24A2B7649A20AFB4 /* MenuBarViewModelTests.swift */ = {isa = PBXFileReference; lastKnownFileType = sourcecode.swift; path = MenuBarViewModelTests.swift; sourceTree = "<group>"; };
		487619809B46FE89DD03CF70 /* FileIngestionPipelineTests.swift */ = {isa = PBXFileReference; lastKnownFileType = sourcecode.swift; path = FileIngestionPipelineTests.swift; sourceTree = "<group>"; };
		49EC779CBFBC62989B85F916 /* FinderAutomationPermission.swift */ = {isa = PBXFileReference; lastKnownFileType = sourcecode.swift; path = FinderAutomationPermission.swift; sourceTree = "<group>"; };
		57D07F207368A9BF7AA7C2A4 /* MenuBarView.swift */ = {isa = PBXFileReference; lastKnownFileType = sourcecode.swift; path = MenuBarView.swift; sourceTree = "<group>"; };
		743AB75B1F17EB7826F44DAC /* RenameExecutionEngine.swift */ = {isa = PBXFileReference; lastKnownFileType = sourcecode.swift; path = RenameExecutionEngine.swift; sourceTree = "<group>"; };
		817580FE2093FB5406C67323 /* MindReaderTests.xctest */ = {isa = PBXFileReference; explicitFileType = wrapper.cfbundle; includeInIndex = 0; path = MindReaderTests.xctest; sourceTree = BUILT_PRODUCTS_DIR; };
		8431A8DDAEDD683E83177151 /* RenameExecutionEngineTests.swift */ = {isa = PBXFileReference; lastKnownFileType = sourcecode.swift; path = RenameExecutionEngineTests.swift; sourceTree = "<group>"; };
		900738830A4E06AFD2584411 /* Release.xcconfig */ = {isa = PBXFileReference; lastKnownFileType = text.xcconfig; path = Release.xcconfig; sourceTree = "<group>"; };
		93FEE62D9EE7B769E2DBA8AF /* FileIngestionPipeline.swift */ = {isa = PBXFileReference; lastKnownFileType = sourcecode.swift; path = FileIngestionPipeline.swift; sourceTree = "<group>"; };
		A35D942354AC38136B88EA16 /* AIModelStore.swift */ = {isa = PBXFileReference; lastKnownFileType = sourcecode.swift; path = AIModelStore.swift; sourceTree = "<group>"; };
		A80DF390E2FFB7A97182F411 /* OllamaMetadataExtractorTests.swift */ = {isa = PBXFileReference; lastKnownFileType = sourcecode.swift; path = OllamaMetadataExtractorTests.swift; sourceTree = "<group>"; };
		B4D5529D6AE88F2FBE8DA8F5 /* AppSettingsStoreTests.swift */ = {isa = PBXFileReference; lastKnownFileType = sourcecode.swift; path = AppSettingsStoreTests.swift; sourceTree = "<group>"; };
		B9D919B5CD94D70D698572C5 /* FinderSelectionProvider.swift */ = {isa = PBXFileReference; lastKnownFileType = sourcecode.swift; path = FinderSelectionProvider.swift; sourceTree = "<group>"; };
		BB3055A56B89CDD19520A6A6 /* RenameMetadataExtractor.swift */ = {isa = PBXFileReference; lastKnownFileType = sourcecode.swift; path = RenameMetadataExtractor.swift; sourceTree = "<group>"; };
		BBBC4C2E29856D2197AB584D /* MenuBarViewModel.swift */ = {isa = PBXFileReference; lastKnownFileType = sourcecode.swift; path = MenuBarViewModel.swift; sourceTree = "<group>"; };
		BD288C5DE9483879F196C828 /* OllamaMetadataExtractor.swift */ = {isa = PBXFileReference; lastKnownFileType = sourcecode.swift; path = OllamaMetadataExtractor.swift; sourceTree = "<group>"; };
		CA23580BD95E7B710165C2EF /* RenameEngineTests.swift */ = {isa = PBXFileReference; lastKnownFileType = sourcecode.swift; path = RenameEngineTests.swift; sourceTree = "<group>"; };
		CCD72A01B0A2490E4C0C8D8B /* MindReaderApp.swift */ = {isa = PBXFileReference; lastKnownFileType = sourcecode.swift; path = MindReaderApp.swift; sourceTree = "<group>"; };
		D2BEF6A93E1B61B1D2B8D965 /* Debug.xcconfig */ = {isa = PBXFileReference; lastKnownFileType = text.xcconfig; path = Debug.xcconfig; sourceTree = "<group>"; };
		D58D22EB893789178F505A29 /* FilenameFormatter.swift */ = {isa = PBXFileReference; lastKnownFileType = sourcecode.swift; path = FilenameFormatter.swift; sourceTree = "<group>"; };
		E04E260CF00572CC68EB70D7 /* MindReader.app */ = {isa = PBXFileReference; explicitFileType = wrapper.application; includeInIndex = 0; path = MindReader.app; sourceTree = BUILT_PRODUCTS_DIR; };
		ED5954DE1C019BFA270E9E67 /* AppSettings.swift */ = {isa = PBXFileReference; lastKnownFileType = sourcecode.swift; path = AppSettings.swift; sourceTree = "<group>"; };
		F9511FBCB4BA5F7555FA8765 /* PreferencesView.swift */ = {isa = PBXFileReference; lastKnownFileType = sourcecode.swift; path = PreferencesView.swift; sourceTree = "<group>"; };
/* End PBXFileReference section */

/* Begin PBXGroup section */
		49767B50555042C83061F592 /* Models */ = {
			isa = PBXGroup;
			children = (
				ED5954DE1C019BFA270E9E67 /* AppSettings.swift */,
				0A6AA91373167455C3336D4E /* ShortcutNames.swift */,
			);
			path = Models;
			sourceTree = "<group>";
		};
		6C7CFCE0BEB41DBE0B715244 /* MindReaderTests */ = {
			isa = PBXGroup;
			children = (
				2F9A84A69571E17E4F26BABF /* AIModelStoreTests.swift */,
				B4D5529D6AE88F2FBE8DA8F5 /* AppSettingsStoreTests.swift */,
				487619809B46FE89DD03CF70 /* FileIngestionPipelineTests.swift */,
				3B38B038D139890FD82A7513 /* FilenameFormatterTests.swift */,
				41E5806E24A2B7649A20AFB4 /* MenuBarViewModelTests.swift */,
				A80DF390E2FFB7A97182F411 /* OllamaMetadataExtractorTests.swift */,
				16CF173A6EAF80F72BF7A79C /* OllamaServiceTests.swift */,
				CA23580BD95E7B710165C2EF /* RenameEngineTests.swift */,
				8431A8DDAEDD683E83177151 /* RenameExecutionEngineTests.swift */,
			);
			path = MindReaderTests;
			sourceTree = "<group>";
		};
		87EC76F4A990B900093443EB /* Services */ = {
			isa = PBXGroup;
			children = (
				93FEE62D9EE7B769E2DBA8AF /* FileIngestionPipeline.swift */,
				D58D22EB893789178F505A29 /* FilenameFormatter.swift */,
				49EC779CBFBC62989B85F916 /* FinderAutomationPermission.swift */,
				B9D919B5CD94D70D698572C5 /* FinderSelectionProvider.swift */,
				133C868DB3C5CB1E4E51061D /* RenameEngine.swift */,
				743AB75B1F17EB7826F44DAC /* RenameExecutionEngine.swift */,
				BB3055A56B89CDD19520A6A6 /* RenameMetadataExtractor.swift */,
			);
			path = Services;
			sourceTree = "<group>";
		};
		88392E84CD15A20AE03504E6 /* MindReader */ = {
			isa = PBXGroup;
			children = (
				D77E589796C627ECE8190BAA /* Config */,
				C723C3B86E21C8946DCCA815 /* Sources */,
			);
			path = MindReader;
			sourceTree = "<group>";
		};
		8E053016C0B8DC085AAC4D8E /* AI */ = {
			isa = PBXGroup;
			children = (
				A35D942354AC38136B88EA16 /* AIModelStore.swift */,
				1DC29D4E7171CE76FE58219F /* OllamaAIModelService.swift */,
				BD288C5DE9483879F196C828 /* OllamaMetadataExtractor.swift */,
				0FF8A6D351022EBF4AB3A952 /* OllamaService.swift */,
			);
			path = AI;
			sourceTree = "<group>";
		};
		9CB4C8A315B68DB43D374092 /* Products */ = {
			isa = PBXGroup;
			children = (
				E04E260CF00572CC68EB70D7 /* MindReader.app */,
				817580FE2093FB5406C67323 /* MindReaderTests.xctest */,
			);
			name = Products;
			sourceTree = "<group>";
		};
		B27AC9193B35B30E2345CADF /* App */ = {
			isa = PBXGroup;
			children = (
				57D07F207368A9BF7AA7C2A4 /* MenuBarView.swift */,
				BBBC4C2E29856D2197AB584D /* MenuBarViewModel.swift */,
				CCD72A01B0A2490E4C0C8D8B /* MindReaderApp.swift */,
				F9511FBCB4BA5F7555FA8765 /* PreferencesView.swift */,
				35F871AE7D7F8D787ED25A61 /* PreferencesWindowController.swift */,
			);
			path = App;
			sourceTree = "<group>";
		};
		C723C3B86E21C8946DCCA815 /* Sources */ = {
			isa = PBXGroup;
			children = (
				8E053016C0B8DC085AAC4D8E /* AI */,
				B27AC9193B35B30E2345CADF /* App */,
				49767B50555042C83061F592 /* Models */,
				87EC76F4A990B900093443EB /* Services */,
			);
			path = Sources;
			sourceTree = "<group>";
		};
		D77E589796C627ECE8190BAA /* Config */ = {
			isa = PBXGroup;
			children = (
				D2BEF6A93E1B61B1D2B8D965 /* Debug.xcconfig */,
				900738830A4E06AFD2584411 /* Release.xcconfig */,
			);
			path = Config;
			sourceTree = "<group>";
		};
		E2E699F0553DE1ED19F76AD5 = {
			isa = PBXGroup;
			children = (
				88392E84CD15A20AE03504E6 /* MindReader */,
				6C7CFCE0BEB41DBE0B715244 /* MindReaderTests */,
				9CB4C8A315B68DB43D374092 /* Products */,
			);
			sourceTree = "<group>";
		};
/* End PBXGroup section */

/* Begin PBXNativeTarget section */
		49CD2EB91A485261BC7FE678 /* MindReader */ = {
			isa = PBXNativeTarget;
			buildConfigurationList = 88FCF4C66029A3D256A7C796 /* Build configuration list for PBXNativeTarget "MindReader" */;
			buildPhases = (
				89D75F5EF107E85648FBBECD /* Sources */,
				864DC2FAFAB9D4DFC2955E8D /* Re-sign and Install */,
			);
			buildRules = (
			);
			dependencies = (
			);
			name = MindReader;
			packageProductDependencies = (
			);
			productName = MindReader;
			productReference = E04E260CF00572CC68EB70D7 /* MindReader.app */;
			productType = "com.apple.product-type.application";
		};
		9763909364121B6EEB6A628D /* MindReaderTests */ = {
			isa = PBXNativeTarget;
			buildConfigurationList = 181AB31799A28B8C8A5843F0 /* Build configuration list for PBXNativeTarget "MindReaderTests" */;
			buildPhases = (
				3E6D75160A00F520A9929D1A /* Sources */,
			);
			buildRules = (
			);
			dependencies = (
				CC1A90BE6EB7F3521BB4BDB6 /* PBXTargetDependency */,
			);
			name = MindReaderTests;
			packageProductDependencies = (
			);
			productName = MindReaderTests;
			productReference = 817580FE2093FB5406C67323 /* MindReaderTests.xctest */;
			productType = "com.apple.product-type.bundle.unit-test";
		};
/* End PBXNativeTarget section */

/* Begin PBXProject section */
		267E43A446C3DE39738414C7 /* Project object */ = {
			isa = PBXProject;
			attributes = {
				BuildIndependentTargetsInParallel = YES;
				LastUpgradeCheck = 1430;
				TargetAttributes = {
					49CD2EB91A485261BC7FE678 = {
						DevelopmentTeam = "";
						ProvisioningStyle = Automatic;
					};
					9763909364121B6EEB6A628D = {
						DevelopmentTeam = "";
					};
				};
			};
			buildConfigurationList = 216692539E83D4976FCFBF95 /* Build configuration list for PBXProject "MindReader" */;
			developmentRegion = en;
			hasScannedForEncodings = 0;
			knownRegions = (
				Base,
				en,
			);
			mainGroup = E2E699F0553DE1ED19F76AD5;
			minimizedProjectReferenceProxies = 1;
			preferredProjectObjectVersion = 77;
			productRefGroup = 9CB4C8A315B68DB43D374092 /* Products */;
			projectDirPath = "";
			projectRoot = "";
			targets = (
				49CD2EB91A485261BC7FE678 /* MindReader */,
				9763909364121B6EEB6A628D /* MindReaderTests */,
			);
		};
/* End PBXProject section */

/* Begin PBXShellScriptBuildPhase section */
		864DC2FAFAB9D4DFC2955E8D /* Re-sign and Install */ = {
			isa = PBXShellScriptBuildPhase;
			buildActionMask = 2147483647;
			files = (
			);
			inputFileListPaths = (
			);
			inputPaths = (
			);
			name = "Re-sign and Install";
			outputFileListPaths = (
			);
			outputPaths = (
			);
			runOnlyForDeploymentPostprocessing = 0;
			shellPath = /bin/sh;
			shellScript = "set -euo pipefail\n\nAPP_PATH=\"${TARGET_BUILD_DIR}/${WRAPPER_NAME}\"\nENTITLEMENTS_PATH=\"${PROJECT_DIR}/MindReader/Resources/MindReader.entitlements\"\n\nif [[ \"${CODE_SIGNING_ALLOWED:-NO}\" != \"YES\" ]]; then\n  echo \"Code signing disabled for this configuration; skipping install step.\"\n  exit 0\nfi\n\nif [[ -z \"${EXPANDED_CODE_SIGN_IDENTITY:-}\" ]]; then\n  echo \"No signing identity available; skipping re-sign/install.\"\n  exit 0\nfi\n\nif [[ -f \"${ENTITLEMENTS_PATH}\" ]]; then\n  /usr/bin/codesign --force --options runtime --entitlements \"${ENTITLEMENTS_PATH}\" --sign \"${EXPANDED_CODE_SIGN_IDENTITY}\" \"${APP_PATH}\"\nelse\n  /usr/bin/codesign --force --options runtime --sign \"${EXPANDED_CODE_SIGN_IDENTITY}\" \"${APP_PATH}\"\nfi\n\n/usr/bin/codesign --verify --deep --strict --verbose=2 \"${APP_PATH}\"\n/usr/bin/ditto \"${APP_PATH}\" \"/Applications/${WRAPPER_NAME}\"\n";
		};
/* End PBXShellScriptBuildPhase section */

/* Begin PBXSourcesBuildPhase section */
		3E6D75160A00F520A9929D1A /* Sources */ = {
			isa = PBXSourcesBuildPhase;
			buildActionMask = 2147483647;
			files = (
				132B08F9F9895FBEDA850882 /* AIModelStoreTests.swift in Sources */,
				0263F0EDABD0EDA00D3BC979 /* AppSettingsStoreTests.swift in Sources */,
				24F661108C9A9F154959C190 /* FileIngestionPipelineTests.swift in Sources */,
				1C5589255EE38B6BD63A1D8B /* FilenameFormatterTests.swift in Sources */,
				8A1E0A5CDAE86B04959925AF /* MenuBarViewModelTests.swift in Sources */,
				C84F9AB0884BC484CAF90707 /* OllamaMetadataExtractorTests.swift in Sources */,
				CA66242C381E143CD4810AF4 /* OllamaServiceTests.swift in Sources */,
				BC1910623FC41D4A094BF3D3 /* RenameEngineTests.swift in Sources */,
				6D7E886E251313CFE0EAB82B /* RenameExecutionEngineTests.swift in Sources */,
			);
			runOnlyForDeploymentPostprocessing = 0;
		};
		89D75F5EF107E85648FBBECD /* Sources */ = {
			isa = PBXSourcesBuildPhase;
			buildActionMask = 2147483647;
			files = (
				AABF7D23E4ADD2CF67D5D796 /* AIModelStore.swift in Sources */,
				8D5288EA6DD1783D941E606F /* AppSettings.swift in Sources */,
				0248F4E019F77191DBA05017 /* FileIngestionPipeline.swift in Sources */,
				58BE178AAD2C34E801E744DC /* FilenameFormatter.swift in Sources */,
				061E7CE27DD31E7D0E35ADC9 /* FinderAutomationPermission.swift in Sources */,
				95789E31DE63FD598AA8C6C7 /* FinderSelectionProvider.swift in Sources */,
				51A53C12735D391AF2B27081 /* MenuBarView.swift in Sources */,
				9671FA6ED8BB8B35CE0BD286 /* MenuBarViewModel.swift in Sources */,
				43B17BF56064CB59D4824A5E /* MindReaderApp.swift in Sources */,
				4B259C0019403AE0B1738B2F /* OllamaAIModelService.swift in Sources */,
				8B62366998367C2CC9BD5867 /* OllamaMetadataExtractor.swift in Sources */,
				EEC574DCDCA5DBA564A110DC /* OllamaService.swift in Sources */,
				81973CE2A7E3A3CA9404597E /* PreferencesView.swift in Sources */,
				E80B30A2397E633CD2BF68F8 /* PreferencesWindowController.swift in Sources */,
				AD16E8E815AAE31F499BF02F /* RenameEngine.swift in Sources */,
				F35CE5D63073F266C04E06B2 /* RenameExecutionEngine.swift in Sources */,
				696B6E878CF498EDEFC0E3D4 /* RenameMetadataExtractor.swift in Sources */,
				9C32E8F80AEFA926EEACBB21 /* ShortcutNames.swift in Sources */,
			);
			runOnlyForDeploymentPostprocessing = 0;
		};
/* End PBXSourcesBuildPhase section */

/* Begin PBXTargetDependency section */
		CC1A90BE6EB7F3521BB4BDB6 /* PBXTargetDependency */ = {
			isa = PBXTargetDependency;
			target = 49CD2EB91A485261BC7FE678 /* MindReader */;
			targetProxy = CE9F3CD4C30D7483C4CC6449 /* PBXContainerItemProxy */;
		};
/* End PBXTargetDependency section */

/* Begin XCBuildConfiguration section */
		4C7E9408E6999D439783FEE6 /* Debug */ = {
			isa = XCBuildConfiguration;
			baseConfigurationReference = D2BEF6A93E1B61B1D2B8D965 /* Debug.xcconfig */;
			buildSettings = {
				ALWAYS_SEARCH_USER_PATHS = NO;
				CLANG_ANALYZER_NONNULL = YES;
				CLANG_ANALYZER_NUMBER_OBJECT_CONVERSION = YES_AGGRESSIVE;
				CLANG_CXX_LANGUAGE_STANDARD = "gnu++14";
				CLANG_CXX_LIBRARY = "libc++";
				CLANG_ENABLE_MODULES = YES;
				CLANG_ENABLE_OBJC_ARC = YES;
				CLANG_ENABLE_OBJC_WEAK = YES;
				CLANG_WARN_BLOCK_CAPTURE_AUTORELEASING = YES;
				CLANG_WARN_BOOL_CONVERSION = YES;
				CLANG_WARN_COMMA = YES;
				CLANG_WARN_CONSTANT_CONVERSION = YES;
				CLANG_WARN_DEPRECATED_OBJC_IMPLEMENTATIONS = YES;
				CLANG_WARN_DIRECT_OBJC_ISA_USAGE = YES_ERROR;
				CLANG_WARN_DOCUMENTATION_COMMENTS = YES;
				CLANG_WARN_EMPTY_BODY = YES;
				CLANG_WARN_ENUM_CONVERSION = YES;
				CLANG_WARN_INFINITE_RECURSION = YES;
				CLANG_WARN_INT_CONVERSION = YES;
				CLANG_WARN_NON_LITERAL_NULL_CONVERSION = YES;
				CLANG_WARN_OBJC_IMPLICIT_RETAIN_SELF = YES;
				CLANG_WARN_OBJC_LITERAL_CONVERSION = YES;
				CLANG_WARN_OBJC_ROOT_CLASS = YES_ERROR;
				CLANG_WARN_QUOTED_INCLUDE_IN_FRAMEWORK_HEADER = YES;
				CLANG_WARN_RANGE_LOOP_ANALYSIS = YES;
				CLANG_WARN_STRICT_PROTOTYPES = YES;
				CLANG_WARN_SUSPICIOUS_MOVE = YES;
				CLANG_WARN_UNGUARDED_AVAILABILITY = YES_AGGRESSIVE;
				CLANG_WARN_UNREACHABLE_CODE = YES;
				CLANG_WARN__DUPLICATE_METHOD_MATCH = YES;
				COPY_PHASE_STRIP = NO;
				CURRENT_PROJECT_VERSION = 1;
				DEBUG_INFORMATION_FORMAT = dwarf;
				ENABLE_STRICT_OBJC_MSGSEND = YES;
				ENABLE_TESTABILITY = YES;
				GCC_C_LANGUAGE_STANDARD = gnu11;
				GCC_DYNAMIC_NO_PIC = NO;
				GCC_NO_COMMON_BLOCKS = YES;
				GCC_OPTIMIZATION_LEVEL = 0;
				GCC_PREPROCESSOR_DEFINITIONS = (
					"$(inherited)",
					"DEBUG=1",
				);
				GCC_WARN_64_TO_32_BIT_CONVERSION = YES;
				GCC_WARN_ABOUT_RETURN_TYPE = YES_ERROR;
				GCC_WARN_UNDECLARED_SELECTOR = YES;
				GCC_WARN_UNINITIALIZED_AUTOS = YES_AGGRESSIVE;
				GCC_WARN_UNUSED_FUNCTION = YES;
				GCC_WARN_UNUSED_VARIABLE = YES;
				GENERATE_INFOPLIST_FILE = YES;
				INFOPLIST_KEY_CFBundleDisplayName = MindReader;
				INFOPLIST_KEY_NSAppleEventsUsageDescription = "MindReader needs Apple Events access to read Finder selection when enabled.";
				INFOPLIST_KEY_NSSystemAdministrationUsageDescription = "MindReader may require system integration permissions for advanced file workflows.";
				MACOSX_DEPLOYMENT_TARGET = 13.0;
				MARKETING_VERSION = 0.1.0;
				MTL_ENABLE_DEBUG_INFO = INCLUDE_SOURCE;
				MTL_FAST_MATH = YES;
				ONLY_ACTIVE_ARCH = YES;
				PRODUCT_NAME = "$(TARGET_NAME)";
				SDKROOT = macosx;
				SWIFT_ACTIVE_COMPILATION_CONDITIONS = DEBUG;
				SWIFT_OPTIMIZATION_LEVEL = "-Onone";
				SWIFT_VERSION = 5.1;
			};
			name = Debug;
		};
		5594B4D8500F03EDF755CFBE /* Release */ = {
			isa = XCBuildConfiguration;
			buildSettings = {
				ASSETCATALOG_COMPILER_APPICON_NAME = AppIcon;
				CODE_SIGN_ENTITLEMENTS = MindReader/Resources/MindReader.entitlements;
				CODE_SIGN_STYLE = Automatic;
				COMBINE_HIDPI_IMAGES = YES;
				LD_RUNPATH_SEARCH_PATHS = (
					"$(inherited)",
					"@executable_path/../Frameworks",
				);
				MACOSX_DEPLOYMENT_TARGET = 13.0;
				PRODUCT_BUNDLE_IDENTIFIER = com.dd.MindReader;
				PRODUCT_NAME = MindReader;
				SDKROOT = macosx;
			};
			name = Release;
		};
		5C3258EC4D1A0C97FDFCD8A4 /* Release */ = {
			isa = XCBuildConfiguration;
			baseConfigurationReference = 900738830A4E06AFD2584411 /* Release.xcconfig */;
			buildSettings = {
				ALWAYS_SEARCH_USER_PATHS = NO;
				CLANG_ANALYZER_NONNULL = YES;
				CLANG_ANALYZER_NUMBER_OBJECT_CONVERSION = YES_AGGRESSIVE;
				CLANG_CXX_LANGUAGE_STANDARD = "gnu++14";
				CLANG_CXX_LIBRARY = "libc++";
				CLANG_ENABLE_MODULES = YES;
				CLANG_ENABLE_OBJC_ARC = YES;
				CLANG_ENABLE_OBJC_WEAK = YES;
				CLANG_WARN_BLOCK_CAPTURE_AUTORELEASING = YES;
				CLANG_WARN_BOOL_CONVERSION = YES;
				CLANG_WARN_COMMA = YES;
				CLANG_WARN_CONSTANT_CONVERSION = YES;
				CLANG_WARN_DEPRECATED_OBJC_IMPLEMENTATIONS = YES;
				CLANG_WARN_DIRECT_OBJC_ISA_USAGE = YES_ERROR;
				CLANG_WARN_DOCUMENTATION_COMMENTS = YES;
				CLANG_WARN_EMPTY_BODY = YES;
				CLANG_WARN_ENUM_CONVERSION = YES;
				CLANG_WARN_INFINITE_RECURSION = YES;
				CLANG_WARN_INT_CONVERSION = YES;
				CLANG_WARN_NON_LITERAL_NULL_CONVERSION = YES;
				CLANG_WARN_OBJC_IMPLICIT_RETAIN_SELF = YES;
				CLANG_WARN_OBJC_LITERAL_CONVERSION = YES;
				CLANG_WARN_OBJC_ROOT_CLASS = YES_ERROR;
				CLANG_WARN_QUOTED_INCLUDE_IN_FRAMEWORK_HEADER = YES;
				CLANG_WARN_RANGE_LOOP_ANALYSIS = YES;
				CLANG_WARN_STRICT_PROTOTYPES = YES;
				CLANG_WARN_SUSPICIOUS_MOVE = YES;
				CLANG_WARN_UNGUARDED_AVAILABILITY = YES_AGGRESSIVE;
				CLANG_WARN_UNREACHABLE_CODE = YES;
				CLANG_WARN__DUPLICATE_METHOD_MATCH = YES;
				COPY_PHASE_STRIP = NO;
				CURRENT_PROJECT_VERSION = 1;
				DEBUG_INFORMATION_FORMAT = "dwarf-with-dsym";
				ENABLE_NS_ASSERTIONS = NO;
				ENABLE_STRICT_OBJC_MSGSEND = YES;
				GCC_C_LANGUAGE_STANDARD = gnu11;
				GCC_NO_COMMON_BLOCKS = YES;
				GCC_WARN_64_TO_32_BIT_CONVERSION = YES;
				GCC_WARN_ABOUT_RETURN_TYPE = YES_ERROR;
				GCC_WARN_UNDECLARED_SELECTOR = YES;
				GCC_WARN_UNINITIALIZED_AUTOS = YES_AGGRESSIVE;
				GCC_WARN_UNUSED_FUNCTION = YES;
				GCC_WARN_UNUSED_VARIABLE = YES;
				GENERATE_INFOPLIST_FILE = YES;
				INFOPLIST_KEY_CFBundleDisplayName = MindReader;
				INFOPLIST_KEY_NSAppleEventsUsageDescription = "MindReader needs Apple Events access to read Finder selection when enabled.";
				INFOPLIST_KEY_NSSystemAdministrationUsageDescription = "MindReader may require system integration permissions for advanced file workflows.";
				MACOSX_DEPLOYMENT_TARGET = 13.0;
				MARKETING_VERSION = 0.1.0;
				MTL_ENABLE_DEBUG_INFO = NO;
				MTL_FAST_MATH = YES;
				PRODUCT_NAME = "$(TARGET_NAME)";
				SDKROOT = macosx;
				SWIFT_COMPILATION_MODE = wholemodule;
				SWIFT_OPTIMIZATION_LEVEL = "-O";
				SWIFT_VERSION = 5.1;
			};
			name = Release;
		};
		5EDDE05D95FC73A6BBC950A9 /* Debug */ = {
			isa = XCBuildConfiguration;
			buildSettings = {
				BUNDLE_LOADER = "$(TEST_HOST)";
				COMBINE_HIDPI_IMAGES = YES;
				LD_RUNPATH_SEARCH_PATHS = (
					"$(inherited)",
					"@executable_path/../Frameworks",
					"@loader_path/../Frameworks",
				);
				MACOSX_DEPLOYMENT_TARGET = 13.0;
				SDKROOT = macosx;
				TEST_HOST = "$(BUILT_PRODUCTS_DIR)/MindReader.app/Contents/MacOS/MindReader";
			};
			name = Debug;
		};
		BEABCDEEC9C6D1A2A014A9E0 /* Release */ = {
			isa = XCBuildConfiguration;
			buildSettings = {
				BUNDLE_LOADER = "$(TEST_HOST)";
				COMBINE_HIDPI_IMAGES = YES;
				LD_RUNPATH_SEARCH_PATHS = (
					"$(inherited)",
					"@executable_path/../Frameworks",
					"@loader_path/../Frameworks",
				);
				MACOSX_DEPLOYMENT_TARGET = 13.0;
				SDKROOT = macosx;
				TEST_HOST = "$(BUILT_PRODUCTS_DIR)/MindReader.app/Contents/MacOS/MindReader";
			};
			name = Release;
		};
		D56B550B6FFEABA70AC11FD2 /* Debug */ = {
			isa = XCBuildConfiguration;
			buildSettings = {
				ASSETCATALOG_COMPILER_APPICON_NAME = AppIcon;
				CODE_SIGN_ENTITLEMENTS = MindReader/Resources/MindReader.entitlements;
				CODE_SIGN_STYLE = Automatic;
				COMBINE_HIDPI_IMAGES = YES;
				LD_RUNPATH_SEARCH_PATHS = (
					"$(inherited)",
					"@executable_path/../Frameworks",
				);
				MACOSX_DEPLOYMENT_TARGET = 13.0;
				PRODUCT_BUNDLE_IDENTIFIER = com.dd.MindReader;
				PRODUCT_NAME = MindReader;
				SDKROOT = macosx;
			};
			name = Debug;
		};
/* End XCBuildConfiguration section */

/* Begin XCConfigurationList section */
		181AB31799A28B8C8A5843F0 /* Build configuration list for PBXNativeTarget "MindReaderTests" */ = {
			isa = XCConfigurationList;
			buildConfigurations = (
				5EDDE05D95FC73A6BBC950A9 /* Debug */,
				BEABCDEEC9C6D1A2A014A9E0 /* Release */,
			);
			defaultConfigurationIsVisible = 0;
			defaultConfigurationName = Debug;
		};
		216692539E83D4976FCFBF95 /* Build configuration list for PBXProject "MindReader" */ = {
			isa = XCConfigurationList;
			buildConfigurations = (
				4C7E9408E6999D439783FEE6 /* Debug */,
				5C3258EC4D1A0C97FDFCD8A4 /* Release */,
			);
			defaultConfigurationIsVisible = 0;
			defaultConfigurationName = Debug;
		};
		88FCF4C66029A3D256A7C796 /* Build configuration list for PBXNativeTarget "MindReader" */ = {
			isa = XCConfigurationList;
			buildConfigurations = (
				D56B550B6FFEABA70AC11FD2 /* Debug */,
				5594B4D8500F03EDF755CFBE /* Release */,
			);
			defaultConfigurationIsVisible = 0;
			defaultConfigurationName = Debug;
		};
/* End XCConfigurationList section */
	};
	rootObject = 267E43A446C3DE39738414C7 /* Project object */;
}
